# THIS IS AN AUTOGENERATED FILE. DO NOT EDIT THIS FILE DIRECTLY.
# yarn lockfile v1


hellojs@1.18.4:
  version "1.18.4"
  resolved "https://registry.yarnpkg.com/hellojs/-/hellojs-1.18.4.tgz#0bfb2df0d3aefb674a512ec869ccb23199bdb4d4"
  integrity sha512-h9s7cYE5TlojfgPtdMDXWAyYInQuBCC21jL9TwJGY3NN6wYOw4B83NrEC4p+R015kndQAqZamWe/VolOaQrLeQ==

jquery@3.4.1:
  version "3.4.1"
  resolved "https://registry.yarnpkg.com/jquery/-/jquery-3.4.1.tgz#714f1f8d9dde4bdfa55764ba37ef214630d80ef2"
  integrity sha512-36+AdBzCL+y6qjw5Tx7HgzeGCzC81MDDgaUP8ld2zhx58HdqXGoBd+tHdrBMiyjGQs0Hxs/MLZTu/eHNJJuWPw==
