# THIS IS AN AUTOGENERATED FILE. DO NOT EDIT THIS FILE DIRECTLY.
# yarn lockfile v1


hellojs@^1.17.1:
  version "1.18.6"
  resolved "https://registry.yarnpkg.com/hellojs/-/hellojs-1.18.6.tgz#0ff2e356f29ba9c5162518d972513de49f02d540"
  integrity sha512-xt2zI4w9e6pxNP/WHrHME5Shaex2HuUIni7ZZ1EeqvTTDUd3FOaWdmDKUSRmQgw3LFv06bUi3mVWwGuM5pOtrw==

jquery@3.5.0:
  version "3.5.0"
  resolved "https://registry.yarnpkg.com/jquery/-/jquery-3.5.0.tgz#9980b97d9e4194611c36530e7dc46a58d7340fc9"
  integrity sha512-Xb7SVYMvygPxbFMpTFQiHh1J7HClEaThguL15N/Gg37Lri/qKyhRGZYzHRyLH8Stq3Aow0LsHO2O2ci86fCrNQ==
