# THIS IS AN AUTOGENERATED FILE. DO NOT EDIT THIS FILE DIRECTLY.
# yarn lockfile v1


hellojs@1.17.1:
  version "1.17.1"
  resolved "https://registry.yarnpkg.com/hellojs/-/hellojs-1.17.1.tgz#0e789a07216bacbed17180f288de9bcbf9e7cf1c"
  integrity sha512-ncZCrgokRhexgi0GD6XrTtjR/PoEP00h3XEjdaePqSpC1bl2uuMGonOG7abT37pBcuh9rPuAxKIECdWCPd/OEg==
